
Microsoft Visual Studio Solution File, Format Version 12.00
# Visual Studio Version 17
VisualStudioVersion = 17.2.32505.173
MinimumVisualStudioVersion = 10.0.40219.1
Project("{FAE04EC0-301F-11D3-BF4B-00C04F79EFBC}") = "Ejercicio-8", "Ejercicio-8\Ejercicio-8.csproj", "{2FC6280E-C929-48B7-AA2F-760B7ABA9031}"
EndProject
Global
	GlobalSection(SolutionConfigurationPlatforms) = preSolution
		Debug|Any CPU = Debug|Any CPU
		Release|Any CPU = Release|Any CPU
	EndGlobalSection
	GlobalSection(ProjectConfigurationPlatforms) = postSolution
		{2FC6280E-C929-48B7-AA2F-760B7ABA9031}.Debug|Any CPU.ActiveCfg = Debug|Any CPU
		{2FC6280E-C929-48B7-AA2F-760B7ABA9031}.Debug|Any CPU.Build.0 = Debug|Any CPU
		{2FC6280E-C929-48B7-AA2F-760B7ABA9031}.Release|Any CPU.ActiveCfg = Release|Any CPU
		{2FC6280E-C929-48B7-AA2F-760B7ABA9031}.Release|Any CPU.Build.0 = Release|Any CPU
	EndGlobalSection
	GlobalSection(SolutionProperties) = preSolution
		HideSolutionNode = FALSE
	EndGlobalSection
	GlobalSection(ExtensibilityGlobals) = postSolution
		SolutionGuid = {0C3C990B-8E40-44DE-BACB-02F77CF7FDE8}
	EndGlobalSection
EndGlobal
